
Microsoft Visual Studio Solution File, Format Version 12.00
# Visual Studio 15
VisualStudioVersion = 15.0.27130.2020
MinimumVisualStudioVersion = 10.0.40219.1
Project("{9A19103F-16F7-4668-BE54-9A1E7A4F7556}") = "WoH_classes", "WoH_classes\WoH_classes.csproj", "{473E5CA1-B28F-4484-9AD8-CB59ADF9B70A}"
EndProject
Project("{9A19103F-16F7-4668-BE54-9A1E7A4F7556}") = "WoH_classes_Tests", "WoH_classes_Tests\WoH_classes_Tests.csproj", "{57974F2D-D455-4232-AAD4-10DE09F5128A}"
EndProject
Project("{9A19103F-16F7-4668-BE54-9A1E7A4F7556}") = "Woh_Visualiser", "WohClassesVisualiser\Woh_Visualiser.csproj", "{859745D0-BE45-4033-BD0A-60374708ABD1}"
EndProject
Project("{9A19103F-16F7-4668-BE54-9A1E7A4F7556}") = "WoH_Data", "WoH_Data\WoH_Data.csproj", "{044EA582-B4B0-438D-BF52-F214FB872ADE}"
EndProject
Project("{FAE04EC0-301F-11D3-BF4B-00C04F79EFBC}") = "WoH_GameData", "WoH_GameData\WoH_GameData.csproj", "{14633C54-47DD-4620-A648-421C17C35C82}"
EndProject
Project("{FAE04EC0-301F-11D3-BF4B-00C04F79EFBC}") = "WoH_Resources", "WoH_Resources\WoH_Resources.csproj", "{B9566FCD-5EA2-42B2-8E9C-E78C74D8A5B3}"
EndProject
Global
	GlobalSection(SolutionConfigurationPlatforms) = preSolution
		Debug|Any CPU = Debug|Any CPU
		Release|Any CPU = Release|Any CPU
	EndGlobalSection
	GlobalSection(ProjectConfigurationPlatforms) = postSolution
		{473E5CA1-B28F-4484-9AD8-CB59ADF9B70A}.Debug|Any CPU.ActiveCfg = Debug|Any CPU
		{473E5CA1-B28F-4484-9AD8-CB59ADF9B70A}.Debug|Any CPU.Build.0 = Debug|Any CPU
		{473E5CA1-B28F-4484-9AD8-CB59ADF9B70A}.Release|Any CPU.ActiveCfg = Release|Any CPU
		{473E5CA1-B28F-4484-9AD8-CB59ADF9B70A}.Release|Any CPU.Build.0 = Release|Any CPU
		{57974F2D-D455-4232-AAD4-10DE09F5128A}.Debug|Any CPU.ActiveCfg = Debug|Any CPU
		{57974F2D-D455-4232-AAD4-10DE09F5128A}.Debug|Any CPU.Build.0 = Debug|Any CPU
		{57974F2D-D455-4232-AAD4-10DE09F5128A}.Release|Any CPU.ActiveCfg = Release|Any CPU
		{57974F2D-D455-4232-AAD4-10DE09F5128A}.Release|Any CPU.Build.0 = Release|Any CPU
		{859745D0-BE45-4033-BD0A-60374708ABD1}.Debug|Any CPU.ActiveCfg = Debug|Any CPU
		{859745D0-BE45-4033-BD0A-60374708ABD1}.Debug|Any CPU.Build.0 = Debug|Any CPU
		{859745D0-BE45-4033-BD0A-60374708ABD1}.Release|Any CPU.ActiveCfg = Release|Any CPU
		{859745D0-BE45-4033-BD0A-60374708ABD1}.Release|Any CPU.Build.0 = Release|Any CPU
		{044EA582-B4B0-438D-BF52-F214FB872ADE}.Debug|Any CPU.ActiveCfg = Debug|Any CPU
		{044EA582-B4B0-438D-BF52-F214FB872ADE}.Debug|Any CPU.Build.0 = Debug|Any CPU
		{044EA582-B4B0-438D-BF52-F214FB872ADE}.Release|Any CPU.ActiveCfg = Release|Any CPU
		{044EA582-B4B0-438D-BF52-F214FB872ADE}.Release|Any CPU.Build.0 = Release|Any CPU
		{14633C54-47DD-4620-A648-421C17C35C82}.Debug|Any CPU.ActiveCfg = Debug|Any CPU
		{14633C54-47DD-4620-A648-421C17C35C82}.Debug|Any CPU.Build.0 = Debug|Any CPU
		{14633C54-47DD-4620-A648-421C17C35C82}.Release|Any CPU.ActiveCfg = Release|Any CPU
		{14633C54-47DD-4620-A648-421C17C35C82}.Release|Any CPU.Build.0 = Release|Any CPU
		{B9566FCD-5EA2-42B2-8E9C-E78C74D8A5B3}.Debug|Any CPU.ActiveCfg = Debug|Any CPU
		{B9566FCD-5EA2-42B2-8E9C-E78C74D8A5B3}.Debug|Any CPU.Build.0 = Debug|Any CPU
		{B9566FCD-5EA2-42B2-8E9C-E78C74D8A5B3}.Release|Any CPU.ActiveCfg = Release|Any CPU
		{B9566FCD-5EA2-42B2-8E9C-E78C74D8A5B3}.Release|Any CPU.Build.0 = Release|Any CPU
	EndGlobalSection
	GlobalSection(SolutionProperties) = preSolution
		HideSolutionNode = FALSE
	EndGlobalSection
	GlobalSection(ExtensibilityGlobals) = postSolution
		SolutionGuid = {0A18B7EC-37F6-424E-922B-F70240D6B98A}
	EndGlobalSection
EndGlobal
